
Microsoft Visual Studio Solution File, Format Version 12.00
# Visual Studio Version 17
VisualStudioVersion = 17.11.35208.52
MinimumVisualStudioVersion = 10.0.40219.1
Project("{9A19103F-16F7-4668-BE54-9A1E7A4F7556}") = "LTEK ULed", "LTEK ULed\LTEK ULed.csproj", "{1D1BA022-7CA6-47A8-9B53-024E8E7660E5}"
EndProject
Project("{9A19103F-16F7-4668-BE54-9A1E7A4F7556}") = "LTEK ULed.Desktop", "LTEK ULed.Desktop\LTEK ULed.Desktop.csproj", "{70B961E6-F61C-4913-8C42-827EE1A71912}"
EndProject
Global
	GlobalSection(SolutionConfigurationPlatforms) = preSolution
		Debug|Any CPU = Debug|Any CPU
		Release|Any CPU = Release|Any CPU
	EndGlobalSection
	GlobalSection(ProjectConfigurationPlatforms) = postSolution
		{1D1BA022-7CA6-47A8-9B53-024E8E7660E5}.Debug|Any CPU.ActiveCfg = Debug|Any CPU
		{1D1BA022-7CA6-47A8-9B53-024E8E7660E5}.Debug|Any CPU.Build.0 = Debug|Any CPU
		{1D1BA022-7CA6-47A8-9B53-024E8E7660E5}.Release|Any CPU.ActiveCfg = Release|Any CPU
		{1D1BA022-7CA6-47A8-9B53-024E8E7660E5}.Release|Any CPU.Build.0 = Release|Any CPU
		{70B961E6-F61C-4913-8C42-827EE1A71912}.Debug|Any CPU.ActiveCfg = Debug|Any CPU
		{70B961E6-F61C-4913-8C42-827EE1A71912}.Debug|Any CPU.Build.0 = Debug|Any CPU
		{70B961E6-F61C-4913-8C42-827EE1A71912}.Release|Any CPU.ActiveCfg = Release|Any CPU
		{70B961E6-F61C-4913-8C42-827EE1A71912}.Release|Any CPU.Build.0 = Release|Any CPU
	EndGlobalSection
	GlobalSection(SolutionProperties) = preSolution
		HideSolutionNode = FALSE
	EndGlobalSection
	GlobalSection(ExtensibilityGlobals) = postSolution
		SolutionGuid = {6AD256F9-4CDE-4DF8-AF44-E81E21A8F0F5}
	EndGlobalSection
EndGlobal
