
Microsoft Visual Studio Solution File, Format Version 12.00
# Visual Studio Version 17
VisualStudioVersion = 17.11.35208.52
MinimumVisualStudioVersion = 10.0.40219.1
Project("{2150E333-8FDC-42A3-9474-1A3956D46DE8}") = "src", "src", "{827E0CD3-B72D-47B6-A68D-7590B98EB39B}"
EndProject
Project("{FAE04EC0-301F-11D3-BF4B-00C04F79EFBC}") = "LucaLights.Core", "src\LucaLights.Core\LucaLights.Core.csproj", "{5B02EA69-6D8C-42A2-8C52-9820D2C84C16}"
EndProject
Project("{FAE04EC0-301F-11D3-BF4B-00C04F79EFBC}") = "LucaLights.Server", "src\LucaLights.Server\LucaLights.Server.csproj", "{44080ECD-FF15-418F-8C0A-F155AEEE0847}"
EndProject
Project("{FAE04EC0-301F-11D3-BF4B-00C04F79EFBC}") = "LucaLights.Desktop", "src\LucaLights.Desktop\LucaLights.Desktop.csproj", "{325D1875-86D6-41A8-8A91-8FBE688AA5E3}"
	ProjectSection(ProjectDependencies) = postProject
		{44080ECD-FF15-418F-8C0A-F155AEEE0847} = {44080ECD-FF15-418F-8C0A-F155AEEE0847}
	EndProjectSection
EndProject
Project("{2150E333-8FDC-42A3-9474-1A3956D46DE8}") = "tests", "tests", "{0AB3BF05-4346-4AA6-1389-037BE0695223}"
EndProject
Project("{FAE04EC0-301F-11D3-BF4B-00C04F79EFBC}") = "LucaLights.Core.Tests", "tests\LucaLights.Core.Tests\LucaLights.Core.Tests.csproj", "{A75C9611-3D3F-452A-8020-CC5D59835B7E}"
EndProject
Global
	GlobalSection(SolutionConfigurationPlatforms) = preSolution
		Debug|Any CPU = Debug|Any CPU
		Debug|x64 = Debug|x64
		Debug|x86 = Debug|x86
		Release|Any CPU = Release|Any CPU
		Release|x64 = Release|x64
		Release|x86 = Release|x86
	EndGlobalSection
	GlobalSection(ProjectConfigurationPlatforms) = postSolution
		{5B02EA69-6D8C-42A2-8C52-9820D2C84C16}.Debug|Any CPU.ActiveCfg = Debug|Any CPU
		{5B02EA69-6D8C-42A2-8C52-9820D2C84C16}.Debug|Any CPU.Build.0 = Debug|Any CPU
		{5B02EA69-6D8C-42A2-8C52-9820D2C84C16}.Debug|x64.ActiveCfg = Debug|Any CPU
		{5B02EA69-6D8C-42A2-8C52-9820D2C84C16}.Debug|x64.Build.0 = Debug|Any CPU
		{5B02EA69-6D8C-42A2-8C52-9820D2C84C16}.Debug|x86.ActiveCfg = Debug|Any CPU
		{5B02EA69-6D8C-42A2-8C52-9820D2C84C16}.Debug|x86.Build.0 = Debug|Any CPU
		{5B02EA69-6D8C-42A2-8C52-9820D2C84C16}.Release|Any CPU.ActiveCfg = Release|Any CPU
		{5B02EA69-6D8C-42A2-8C52-9820D2C84C16}.Release|Any CPU.Build.0 = Release|Any CPU
		{5B02EA69-6D8C-42A2-8C52-9820D2C84C16}.Release|x64.ActiveCfg = Release|Any CPU
		{5B02EA69-6D8C-42A2-8C52-9820D2C84C16}.Release|x64.Build.0 = Release|Any CPU
		{5B02EA69-6D8C-42A2-8C52-9820D2C84C16}.Release|x86.ActiveCfg = Release|Any CPU
		{5B02EA69-6D8C-42A2-8C52-9820D2C84C16}.Release|x86.Build.0 = Release|Any CPU
		{44080ECD-FF15-418F-8C0A-F155AEEE0847}.Debug|Any CPU.ActiveCfg = Debug|Any CPU
		{44080ECD-FF15-418F-8C0A-F155AEEE0847}.Debug|Any CPU.Build.0 = Debug|Any CPU
		{44080ECD-FF15-418F-8C0A-F155AEEE0847}.Debug|x64.ActiveCfg = Debug|Any CPU
		{44080ECD-FF15-418F-8C0A-F155AEEE0847}.Debug|x64.Build.0 = Debug|Any CPU
		{44080ECD-FF15-418F-8C0A-F155AEEE0847}.Debug|x86.ActiveCfg = Debug|Any CPU
		{44080ECD-FF15-418F-8C0A-F155AEEE0847}.Debug|x86.Build.0 = Debug|Any CPU
		{44080ECD-FF15-418F-8C0A-F155AEEE0847}.Release|Any CPU.ActiveCfg = Release|Any CPU
		{44080ECD-FF15-418F-8C0A-F155AEEE0847}.Release|Any CPU.Build.0 = Release|Any CPU
		{44080ECD-FF15-418F-8C0A-F155AEEE0847}.Release|x64.ActiveCfg = Release|Any CPU
		{44080ECD-FF15-418F-8C0A-F155AEEE0847}.Release|x64.Build.0 = Release|Any CPU
		{44080ECD-FF15-418F-8C0A-F155AEEE0847}.Release|x86.ActiveCfg = Release|Any CPU
		{44080ECD-FF15-418F-8C0A-F155AEEE0847}.Release|x86.Build.0 = Release|Any CPU
		{325D1875-86D6-41A8-8A91-8FBE688AA5E3}.Debug|Any CPU.ActiveCfg = Debug|Any CPU
		{325D1875-86D6-41A8-8A91-8FBE688AA5E3}.Debug|Any CPU.Build.0 = Debug|Any CPU
		{325D1875-86D6-41A8-8A91-8FBE688AA5E3}.Debug|x64.ActiveCfg = Debug|Any CPU
		{325D1875-86D6-41A8-8A91-8FBE688AA5E3}.Debug|x64.Build.0 = Debug|Any CPU
		{325D1875-86D6-41A8-8A91-8FBE688AA5E3}.Debug|x86.ActiveCfg = Debug|Any CPU
		{325D1875-86D6-41A8-8A91-8FBE688AA5E3}.Debug|x86.Build.0 = Debug|Any CPU
		{325D1875-86D6-41A8-8A91-8FBE688AA5E3}.Release|Any CPU.ActiveCfg = Release|Any CPU
		{325D1875-86D6-41A8-8A91-8FBE688AA5E3}.Release|Any CPU.Build.0 = Release|Any CPU
		{325D1875-86D6-41A8-8A91-8FBE688AA5E3}.Release|x64.ActiveCfg = Release|Any CPU
		{325D1875-86D6-41A8-8A91-8FBE688AA5E3}.Release|x64.Build.0 = Release|Any CPU
		{325D1875-86D6-41A8-8A91-8FBE688AA5E3}.Release|x86.ActiveCfg = Release|Any CPU
		{325D1875-86D6-41A8-8A91-8FBE688AA5E3}.Release|x86.Build.0 = Release|Any CPU
		{A75C9611-3D3F-452A-8020-CC5D59835B7E}.Debug|Any CPU.ActiveCfg = Debug|Any CPU
		{A75C9611-3D3F-452A-8020-CC5D59835B7E}.Debug|Any CPU.Build.0 = Debug|Any CPU
		{A75C9611-3D3F-452A-8020-CC5D59835B7E}.Debug|x64.ActiveCfg = Debug|Any CPU
		{A75C9611-3D3F-452A-8020-CC5D59835B7E}.Debug|x64.Build.0 = Debug|Any CPU
		{A75C9611-3D3F-452A-8020-CC5D59835B7E}.Debug|x86.ActiveCfg = Debug|Any CPU
		{A75C9611-3D3F-452A-8020-CC5D59835B7E}.Debug|x86.Build.0 = Debug|Any CPU
		{A75C9611-3D3F-452A-8020-CC5D59835B7E}.Release|Any CPU.ActiveCfg = Release|Any CPU
		{A75C9611-3D3F-452A-8020-CC5D59835B7E}.Release|Any CPU.Build.0 = Release|Any CPU
		{A75C9611-3D3F-452A-8020-CC5D59835B7E}.Release|x64.ActiveCfg = Release|Any CPU
		{A75C9611-3D3F-452A-8020-CC5D59835B7E}.Release|x64.Build.0 = Release|Any CPU
		{A75C9611-3D3F-452A-8020-CC5D59835B7E}.Release|x86.ActiveCfg = Release|Any CPU
		{A75C9611-3D3F-452A-8020-CC5D59835B7E}.Release|x86.Build.0 = Release|Any CPU
	EndGlobalSection
	GlobalSection(SolutionProperties) = preSolution
		HideSolutionNode = FALSE
	EndGlobalSection
	GlobalSection(NestedProjects) = preSolution
		{5B02EA69-6D8C-42A2-8C52-9820D2C84C16} = {827E0CD3-B72D-47B6-A68D-7590B98EB39B}
		{44080ECD-FF15-418F-8C0A-F155AEEE0847} = {827E0CD3-B72D-47B6-A68D-7590B98EB39B}
		{325D1875-86D6-41A8-8A91-8FBE688AA5E3} = {827E0CD3-B72D-47B6-A68D-7590B98EB39B}
		{A75C9611-3D3F-452A-8020-CC5D59835B7E} = {0AB3BF05-4346-4AA6-1389-037BE0695223}
	EndGlobalSection
	GlobalSection(ExtensibilityGlobals) = postSolution
		SolutionGuid = {6AD256F9-4CDE-4DF8-AF44-E81E21A8F0F5}
	EndGlobalSection
EndGlobal
